
Microsoft Visual Studio Solution File, Format Version 12.00
# Visual Studio 15
VisualStudioVersion = 15.0.28307.1022
MinimumVisualStudioVersion = 10.0.40219.1
Project("{FAE04EC0-301F-11D3-BF4B-00C04F79EFBC}") = "mini_projet_cabinet_medical", "mini_projet_cabinet_medical\mini_projet_cabinet_medical.csproj", "{41E8C156-0527-4F84-877F-4C5559FCA1D3}"
EndProject
Project("{FAE04EC0-301F-11D3-BF4B-00C04F79EFBC}") = "page accueil", "..\..\..\Desktop\my design\page accueil\page accueil\page accueil.csproj", "{B8418F6B-096B-4582-8D99-475CE12D15A2}"
EndProject
Project("{FAE04EC0-301F-11D3-BF4B-00C04F79EFBC}") = "WindowsFormsApp1", "WindowsFormsApp1\WindowsFormsApp1.csproj", "{46D75413-5819-418F-BDC0-634C296A38A1}"
EndProject
Global
	GlobalSection(SolutionConfigurationPlatforms) = preSolution
		Debug|Any CPU = Debug|Any CPU
		Release|Any CPU = Release|Any CPU
	EndGlobalSection
	GlobalSection(ProjectConfigurationPlatforms) = postSolution
		{41E8C156-0527-4F84-877F-4C5559FCA1D3}.Debug|Any CPU.ActiveCfg = Debug|Any CPU
		{41E8C156-0527-4F84-877F-4C5559FCA1D3}.Debug|Any CPU.Build.0 = Debug|Any CPU
		{41E8C156-0527-4F84-877F-4C5559FCA1D3}.Release|Any CPU.ActiveCfg = Release|Any CPU
		{41E8C156-0527-4F84-877F-4C5559FCA1D3}.Release|Any CPU.Build.0 = Release|Any CPU
		{B8418F6B-096B-4582-8D99-475CE12D15A2}.Debug|Any CPU.ActiveCfg = Debug|Any CPU
		{B8418F6B-096B-4582-8D99-475CE12D15A2}.Debug|Any CPU.Build.0 = Debug|Any CPU
		{B8418F6B-096B-4582-8D99-475CE12D15A2}.Release|Any CPU.ActiveCfg = Release|Any CPU
		{B8418F6B-096B-4582-8D99-475CE12D15A2}.Release|Any CPU.Build.0 = Release|Any CPU
		{46D75413-5819-418F-BDC0-634C296A38A1}.Debug|Any CPU.ActiveCfg = Debug|Any CPU
		{46D75413-5819-418F-BDC0-634C296A38A1}.Debug|Any CPU.Build.0 = Debug|Any CPU
		{46D75413-5819-418F-BDC0-634C296A38A1}.Release|Any CPU.ActiveCfg = Release|Any CPU
		{46D75413-5819-418F-BDC0-634C296A38A1}.Release|Any CPU.Build.0 = Release|Any CPU
	EndGlobalSection
	GlobalSection(SolutionProperties) = preSolution
		HideSolutionNode = FALSE
	EndGlobalSection
	GlobalSection(ExtensibilityGlobals) = postSolution
		SolutionGuid = {1AEB59C9-BD19-4F4D-A160-E7B0A167C1AB}
	EndGlobalSection
EndGlobal
